
Microsoft Visual Studio Solution File, Format Version 12.00
# Visual Studio Version 16
VisualStudioVersion = 16.0.30002.166
MinimumVisualStudioVersion = 10.0.40219.1
Project("{8BC9CEB8-8B4A-11D0-8D11-00A0C91BC942}") = "ConsoleEdabit1", "ConsoleEdabit1.vcxproj", "{235F2E4B-2DF6-4FBA-8689-7F70FFD6F776}"
EndProject
Global
	GlobalSection(SolutionConfigurationPlatforms) = preSolution
		Debug|x64 = Debug|x64
		Debug|x86 = Debug|x86
		Release|x64 = Release|x64
		Release|x86 = Release|x86
	EndGlobalSection
	GlobalSection(ProjectConfigurationPlatforms) = postSolution
		{235F2E4B-2DF6-4FBA-8689-7F70FFD6F776}.Debug|x64.ActiveCfg = Debug|x64
		{235F2E4B-2DF6-4FBA-8689-7F70FFD6F776}.Debug|x64.Build.0 = Debug|x64
		{235F2E4B-2DF6-4FBA-8689-7F70FFD6F776}.Debug|x86.ActiveCfg = Debug|Win32
		{235F2E4B-2DF6-4FBA-8689-7F70FFD6F776}.Debug|x86.Build.0 = Debug|Win32
		{235F2E4B-2DF6-4FBA-8689-7F70FFD6F776}.Release|x64.ActiveCfg = Release|x64
		{235F2E4B-2DF6-4FBA-8689-7F70FFD6F776}.Release|x64.Build.0 = Release|x64
		{235F2E4B-2DF6-4FBA-8689-7F70FFD6F776}.Release|x86.ActiveCfg = Release|Win32
		{235F2E4B-2DF6-4FBA-8689-7F70FFD6F776}.Release|x86.Build.0 = Release|Win32
	EndGlobalSection
	GlobalSection(SolutionProperties) = preSolution
		HideSolutionNode = FALSE
	EndGlobalSection
	GlobalSection(ExtensibilityGlobals) = postSolution
		SolutionGuid = {251B350F-A9D3-4535-B6DD-F1E88974087C}
	EndGlobalSection
EndGlobal
